
Microsoft Visual Studio Solution File, Format Version 12.00
# Visual Studio 15
VisualStudioVersion = 15.0.28010.2046
MinimumVisualStudioVersion = 10.0.40219.1
Project("{FAE04EC0-301F-11D3-BF4B-00C04F79EFBC}") = "Superheroes", "Superheroes\Superheroes.csproj", "{16E32B0A-7F4E-4FD2-BC99-C17F9D8E88CB}"
EndProject
Global
	GlobalSection(SolutionConfigurationPlatforms) = preSolution
		Debug|Any CPU = Debug|Any CPU
		Release|Any CPU = Release|Any CPU
	EndGlobalSection
	GlobalSection(ProjectConfigurationPlatforms) = postSolution
		{16E32B0A-7F4E-4FD2-BC99-C17F9D8E88CB}.Debug|Any CPU.ActiveCfg = Debug|Any CPU
		{16E32B0A-7F4E-4FD2-BC99-C17F9D8E88CB}.Debug|Any CPU.Build.0 = Debug|Any CPU
		{16E32B0A-7F4E-4FD2-BC99-C17F9D8E88CB}.Release|Any CPU.ActiveCfg = Release|Any CPU
		{16E32B0A-7F4E-4FD2-BC99-C17F9D8E88CB}.Release|Any CPU.Build.0 = Release|Any CPU
	EndGlobalSection
	GlobalSection(SolutionProperties) = preSolution
		HideSolutionNode = FALSE
	EndGlobalSection
	GlobalSection(ExtensibilityGlobals) = postSolution
		SolutionGuid = {6B7824D7-5518-4E38-8D00-4E5B5E3F2A16}
	EndGlobalSection
EndGlobal
